
Microsoft Visual Studio Solution File, Format Version 12.00
# Visual Studio Version 17
VisualStudioVersion = 17.9.34902.65
MinimumVisualStudioVersion = 10.0.40219.1
Project("{FAE04EC0-301F-11D3-BF4B-00C04F79EFBC}") = "SimpleClassConlsole", "SimpleClassConlsole\SimpleClassConlsole.csproj", "{EE2C132C-5CC5-42DD-ABF3-4816BC0F9E68}"
EndProject
Project("{FAE04EC0-301F-11D3-BF4B-00C04F79EFBC}") = "SimpleClassLibrary", "SimpleClassLibrary\SimpleClassLibrary.csproj", "{756D5DF9-4325-4247-8F35-AB2730C7C439}"
EndProject
Global
	GlobalSection(SolutionConfigurationPlatforms) = preSolution
		Debug|Any CPU = Debug|Any CPU
		Release|Any CPU = Release|Any CPU
	EndGlobalSection
	GlobalSection(ProjectConfigurationPlatforms) = postSolution
		{EE2C132C-5CC5-42DD-ABF3-4816BC0F9E68}.Debug|Any CPU.ActiveCfg = Debug|Any CPU
		{EE2C132C-5CC5-42DD-ABF3-4816BC0F9E68}.Debug|Any CPU.Build.0 = Debug|Any CPU
		{EE2C132C-5CC5-42DD-ABF3-4816BC0F9E68}.Release|Any CPU.ActiveCfg = Release|Any CPU
		{EE2C132C-5CC5-42DD-ABF3-4816BC0F9E68}.Release|Any CPU.Build.0 = Release|Any CPU
		{756D5DF9-4325-4247-8F35-AB2730C7C439}.Debug|Any CPU.ActiveCfg = Debug|Any CPU
		{756D5DF9-4325-4247-8F35-AB2730C7C439}.Debug|Any CPU.Build.0 = Debug|Any CPU
		{756D5DF9-4325-4247-8F35-AB2730C7C439}.Release|Any CPU.ActiveCfg = Release|Any CPU
		{756D5DF9-4325-4247-8F35-AB2730C7C439}.Release|Any CPU.Build.0 = Release|Any CPU
	EndGlobalSection
	GlobalSection(SolutionProperties) = preSolution
		HideSolutionNode = FALSE
	EndGlobalSection
	GlobalSection(ExtensibilityGlobals) = postSolution
		SolutionGuid = {87AEDDF4-4A70-4F04-8F66-CD1C19AB6FB5}
	EndGlobalSection
EndGlobal
